
Microsoft Visual Studio Solution File, Format Version 12.00
# Visual Studio 15
VisualStudioVersion = 15.0.28010.2003
MinimumVisualStudioVersion = 10.0.40219.1
Project("{FAE04EC0-301F-11D3-BF4B-00C04F79EFBC}") = "FCamara.Console", "source\FCamara.Console\FCamara.Console.csproj", "{FE95447F-C99C-4CFC-8DAF-6BFD417A4795}"
EndProject
Project("{FAE04EC0-301F-11D3-BF4B-00C04F79EFBC}") = "FCamaraTests", "source\FCamaraTests\FCamaraTests.csproj", "{ED1A87E5-7CCA-457C-9CC6-97BD2A3703C6}"
EndProject
Global
	GlobalSection(SolutionConfigurationPlatforms) = preSolution
		Debug|Any CPU = Debug|Any CPU
		Release|Any CPU = Release|Any CPU
	EndGlobalSection
	GlobalSection(ProjectConfigurationPlatforms) = postSolution
		{FE95447F-C99C-4CFC-8DAF-6BFD417A4795}.Debug|Any CPU.ActiveCfg = Debug|Any CPU
		{FE95447F-C99C-4CFC-8DAF-6BFD417A4795}.Debug|Any CPU.Build.0 = Debug|Any CPU
		{FE95447F-C99C-4CFC-8DAF-6BFD417A4795}.Release|Any CPU.ActiveCfg = Release|Any CPU
		{FE95447F-C99C-4CFC-8DAF-6BFD417A4795}.Release|Any CPU.Build.0 = Release|Any CPU
		{ED1A87E5-7CCA-457C-9CC6-97BD2A3703C6}.Debug|Any CPU.ActiveCfg = Debug|Any CPU
		{ED1A87E5-7CCA-457C-9CC6-97BD2A3703C6}.Debug|Any CPU.Build.0 = Debug|Any CPU
		{ED1A87E5-7CCA-457C-9CC6-97BD2A3703C6}.Release|Any CPU.ActiveCfg = Release|Any CPU
		{ED1A87E5-7CCA-457C-9CC6-97BD2A3703C6}.Release|Any CPU.Build.0 = Release|Any CPU
	EndGlobalSection
	GlobalSection(SolutionProperties) = preSolution
		HideSolutionNode = FALSE
	EndGlobalSection
	GlobalSection(ExtensibilityGlobals) = postSolution
		SolutionGuid = {81A4A185-B9A5-4F83-9756-F905FC4221BA}
	EndGlobalSection
EndGlobal
